
Microsoft Visual Studio Solution File, Format Version 12.00
# Visual Studio Version 17
VisualStudioVersion = 17.9.34723.18
MinimumVisualStudioVersion = 10.0.40219.1
Project("{FAE04EC0-301F-11D3-BF4B-00C04F79EFBC}") = "Practa4wpf", "Practa4wpf\Practa4wpf.csproj", "{6B2C4645-6022-49F5-897A-1244E9CA20CB}"
EndProject
Global
	GlobalSection(SolutionConfigurationPlatforms) = preSolution
		Debug|Any CPU = Debug|Any CPU
		Release|Any CPU = Release|Any CPU
	EndGlobalSection
	GlobalSection(ProjectConfigurationPlatforms) = postSolution
		{6B2C4645-6022-49F5-897A-1244E9CA20CB}.Debug|Any CPU.ActiveCfg = Debug|Any CPU
		{6B2C4645-6022-49F5-897A-1244E9CA20CB}.Debug|Any CPU.Build.0 = Debug|Any CPU
		{6B2C4645-6022-49F5-897A-1244E9CA20CB}.Release|Any CPU.ActiveCfg = Release|Any CPU
		{6B2C4645-6022-49F5-897A-1244E9CA20CB}.Release|Any CPU.Build.0 = Release|Any CPU
	EndGlobalSection
	GlobalSection(SolutionProperties) = preSolution
		HideSolutionNode = FALSE
	EndGlobalSection
	GlobalSection(ExtensibilityGlobals) = postSolution
		SolutionGuid = {4F13D19D-CAD6-4125-A4A0-6548B262B010}
	EndGlobalSection
EndGlobal
